// !$*UTF8*$!
{
	archiveVersion = 1;
	classes = {
	};
	objectVersion = 55;
	objects = {

/* Begin PBXBuildFile section */
		FA31421E291278B3008AF0CF /* UIViewController+Extension.swift in Sources */ = {isa = PBXBuildFile; fileRef = FA31421D291278B3008AF0CF /* UIViewController+Extension.swift */; };
		FA3142222912BB5A008AF0CF /* FriendsTableViewController.swift in Sources */ = {isa = PBXBuildFile; fileRef = FA3142212912BB5A008AF0CF /* FriendsTableViewController.swift */; };
		FA3142242912BB68008AF0CF /* FriendsTableViewCell.swift in Sources */ = {isa = PBXBuildFile; fileRef = FA3142232912BB68008AF0CF /* FriendsTableViewCell.swift */; };
		FA3142272912BBB6008AF0CF /* User.swift in Sources */ = {isa = PBXBuildFile; fileRef = FA3142262912BBB6008AF0CF /* User.swift */; };
		FA31422A2912D953008AF0CF /* MyGroupsTableViewCell.swift in Sources */ = {isa = PBXBuildFile; fileRef = FA3142292912D953008AF0CF /* MyGroupsTableViewCell.swift */; };
		FA31422C2912D967008AF0CF /* MyGroupsTableViewController.swift in Sources */ = {isa = PBXBuildFile; fileRef = FA31422B2912D967008AF0CF /* MyGroupsTableViewController.swift */; };
		FA31422F2912D97C008AF0CF /* Group.swift in Sources */ = {isa = PBXBuildFile; fileRef = FA31422E2912D97C008AF0CF /* Group.swift */; };
		FA3142322912DA92008AF0CF /* AvailableGroupsTableViewController.swift in Sources */ = {isa = PBXBuildFile; fileRef = FA3142312912DA92008AF0CF /* AvailableGroupsTableViewController.swift */; };
		FA3142342912DAA7008AF0CF /* AvailableGroupsTableViewCell.swift in Sources */ = {isa = PBXBuildFile; fileRef = FA3142332912DAA7008AF0CF /* AvailableGroupsTableViewCell.swift */; };
		FA3142372912E152008AF0CF /* PhotoCollectionViewController.swift in Sources */ = {isa = PBXBuildFile; fileRef = FA3142362912E152008AF0CF /* PhotoCollectionViewController.swift */; };
		FA3142392912E163008AF0CF /* PhotoCollectionViewCell.swift in Sources */ = {isa = PBXBuildFile; fileRef = FA3142382912E163008AF0CF /* PhotoCollectionViewCell.swift */; };
		FA31424129143987008AF0CF /* LikeControl.swift in Sources */ = {isa = PBXBuildFile; fileRef = FA31424029143987008AF0CF /* LikeControl.swift */; };
		FA3142432914470E008AF0CF /* GradientView.swift in Sources */ = {isa = PBXBuildFile; fileRef = FA3142422914470E008AF0CF /* GradientView.swift */; };
		FA31424B291A5144008AF0CF /* NewsTableViewController.swift in Sources */ = {isa = PBXBuildFile; fileRef = FA31424A291A5144008AF0CF /* NewsTableViewController.swift */; };
		FA31424D291A515B008AF0CF /* NewsTableViewCell.swift in Sources */ = {isa = PBXBuildFile; fileRef = FA31424C291A515B008AF0CF /* NewsTableViewCell.swift */; };
		FA314250291A5326008AF0CF /* News.swift in Sources */ = {isa = PBXBuildFile; fileRef = FA31424F291A5326008AF0CF /* News.swift */; };
		FA314252291A9783008AF0CF /* NewsLikeControl.swift in Sources */ = {isa = PBXBuildFile; fileRef = FA314251291A9783008AF0CF /* NewsLikeControl.swift */; };
		FA314256291BDB45008AF0CF /* FriendsHeaderView.swift in Sources */ = {isa = PBXBuildFile; fileRef = FA314255291BDB45008AF0CF /* FriendsHeaderView.swift */; };
		FA314258291BEB0C008AF0CF /* SwipePhotoViewController.swift in Sources */ = {isa = PBXBuildFile; fileRef = FA314257291BEB0C008AF0CF /* SwipePhotoViewController.swift */; };
		FA31425A291C46C3008AF0CF /* cloudView.swift in Sources */ = {isa = PBXBuildFile; fileRef = FA314259291C46C3008AF0CF /* cloudView.swift */; };
		FA31425C291C4D5A008AF0CF /* CloudViewController.swift in Sources */ = {isa = PBXBuildFile; fileRef = FA31425B291C4D5A008AF0CF /* CloudViewController.swift */; };
		FA31426A291D1814008AF0CF /* CustomPushAnimator.swift in Sources */ = {isa = PBXBuildFile; fileRef = FA314269291D1814008AF0CF /* CustomPushAnimator.swift */; };
		FA31426C291D1824008AF0CF /* CustomPopAnimator.swift in Sources */ = {isa = PBXBuildFile; fileRef = FA31426B291D1824008AF0CF /* CustomPopAnimator.swift */; };
		FA31426E291D18D9008AF0CF /* UIView+extension.swift in Sources */ = {isa = PBXBuildFile; fileRef = FA31426D291D18D9008AF0CF /* UIView+extension.swift */; };
		FA314270291D1A68008AF0CF /* CustomNavigationController.swift in Sources */ = {isa = PBXBuildFile; fileRef = FA31426F291D1A68008AF0CF /* CustomNavigationController.swift */; };
		FA314272291D1B0C008AF0CF /* CustomInteractiveTransition.swift in Sources */ = {isa = PBXBuildFile; fileRef = FA314271291D1B0C008AF0CF /* CustomInteractiveTransition.swift */; };
		FAD44465290FDF19006E71AF /* AppDelegate.swift in Sources */ = {isa = PBXBuildFile; fileRef = FAD44464290FDF19006E71AF /* AppDelegate.swift */; };
		FAD44467290FDF19006E71AF /* SceneDelegate.swift in Sources */ = {isa = PBXBuildFile; fileRef = FAD44466290FDF19006E71AF /* SceneDelegate.swift */; };
		FAD44469290FDF19006E71AF /* LoginViewController.swift in Sources */ = {isa = PBXBuildFile; fileRef = FAD44468290FDF19006E71AF /* LoginViewController.swift */; };
		FAD4446C290FDF19006E71AF /* Main.storyboard in Resources */ = {isa = PBXBuildFile; fileRef = FAD4446A290FDF19006E71AF /* Main.storyboard */; };
		FAD4446E290FDF1B006E71AF /* Assets.xcassets in Resources */ = {isa = PBXBuildFile; fileRef = FAD4446D290FDF1B006E71AF /* Assets.xcassets */; };
		FAD44471290FDF1B006E71AF /* LaunchScreen.storyboard in Resources */ = {isa = PBXBuildFile; fileRef = FAD4446F290FDF1B006E71AF /* LaunchScreen.storyboard */; };
/* End PBXBuildFile section */

/* Begin PBXFileReference section */
		FA31421D291278B3008AF0CF /* UIViewController+Extension.swift */ = {isa = PBXFileReference; lastKnownFileType = sourcecode.swift; path = "UIViewController+Extension.swift"; sourceTree = "<group>"; };
		FA3142212912BB5A008AF0CF /* FriendsTableViewController.swift */ = {isa = PBXFileReference; lastKnownFileType = sourcecode.swift; path = FriendsTableViewController.swift; sourceTree = "<group>"; };
		FA3142232912BB68008AF0CF /* FriendsTableViewCell.swift */ = {isa = PBXFileReference; lastKnownFileType = sourcecode.swift; path = FriendsTableViewCell.swift; sourceTree = "<group>"; };
		FA3142262912BBB6008AF0CF /* User.swift */ = {isa = PBXFileReference; lastKnownFileType = sourcecode.swift; path = User.swift; sourceTree = "<group>"; };
		FA3142292912D953008AF0CF /* MyGroupsTableViewCell.swift */ = {isa = PBXFileReference; lastKnownFileType = sourcecode.swift; path = MyGroupsTableViewCell.swift; sourceTree = "<group>"; };
		FA31422B2912D967008AF0CF /* MyGroupsTableViewController.swift */ = {isa = PBXFileReference; lastKnownFileType = sourcecode.swift; path = MyGroupsTableViewController.swift; sourceTree = "<group>"; };
		FA31422E2912D97C008AF0CF /* Group.swift */ = {isa = PBXFileReference; lastKnownFileType = sourcecode.swift; path = Group.swift; sourceTree = "<group>"; };
		FA3142312912DA92008AF0CF /* AvailableGroupsTableViewController.swift */ = {isa = PBXFileReference; lastKnownFileType = sourcecode.swift; path = AvailableGroupsTableViewController.swift; sourceTree = "<group>"; };
		FA3142332912DAA7008AF0CF /* AvailableGroupsTableViewCell.swift */ = {isa = PBXFileReference; lastKnownFileType = sourcecode.swift; path = AvailableGroupsTableViewCell.swift; sourceTree = "<group>"; };
		FA3142362912E152008AF0CF /* PhotoCollectionViewController.swift */ = {isa = PBXFileReference; lastKnownFileType = sourcecode.swift; path = PhotoCollectionViewController.swift; sourceTree = "<group>"; };
		FA3142382912E163008AF0CF /* PhotoCollectionViewCell.swift */ = {isa = PBXFileReference; lastKnownFileType = sourcecode.swift; path = PhotoCollectionViewCell.swift; sourceTree = "<group>"; };
		FA31424029143987008AF0CF /* LikeControl.swift */ = {isa = PBXFileReference; lastKnownFileType = sourcecode.swift; path = LikeControl.swift; sourceTree = "<group>"; };
		FA3142422914470E008AF0CF /* GradientView.swift */ = {isa = PBXFileReference; lastKnownFileType = sourcecode.swift; path = GradientView.swift; sourceTree = "<group>"; };
		FA31424A291A5144008AF0CF /* NewsTableViewController.swift */ = {isa = PBXFileReference; lastKnownFileType = sourcecode.swift; path = NewsTableViewController.swift; sourceTree = "<group>"; };
		FA31424C291A515B008AF0CF /* NewsTableViewCell.swift */ = {isa = PBXFileReference; lastKnownFileType = sourcecode.swift; path = NewsTableViewCell.swift; sourceTree = "<group>"; };
		FA31424F291A5326008AF0CF /* News.swift */ = {isa = PBXFileReference; lastKnownFileType = sourcecode.swift; path = News.swift; sourceTree = "<group>"; };
		FA314251291A9783008AF0CF /* NewsLikeControl.swift */ = {isa = PBXFileReference; lastKnownFileType = sourcecode.swift; path = NewsLikeControl.swift; sourceTree = "<group>"; };
		FA314255291BDB45008AF0CF /* FriendsHeaderView.swift */ = {isa = PBXFileReference; lastKnownFileType = sourcecode.swift; path = FriendsHeaderView.swift; sourceTree = "<group>"; };
		FA314257291BEB0C008AF0CF /* SwipePhotoViewController.swift */ = {isa = PBXFileReference; lastKnownFileType = sourcecode.swift; path = SwipePhotoViewController.swift; sourceTree = "<group>"; };
		FA314259291C46C3008AF0CF /* cloudView.swift */ = {isa = PBXFileReference; lastKnownFileType = sourcecode.swift; path = cloudView.swift; sourceTree = "<group>"; };
		FA31425B291C4D5A008AF0CF /* CloudViewController.swift */ = {isa = PBXFileReference; lastKnownFileType = sourcecode.swift; path = CloudViewController.swift; sourceTree = "<group>"; };
		FA314269291D1814008AF0CF /* CustomPushAnimator.swift */ = {isa = PBXFileReference; lastKnownFileType = sourcecode.swift; path = CustomPushAnimator.swift; sourceTree = "<group>"; };
		FA31426B291D1824008AF0CF /* CustomPopAnimator.swift */ = {isa = PBXFileReference; lastKnownFileType = sourcecode.swift; path = CustomPopAnimator.swift; sourceTree = "<group>"; };
		FA31426D291D18D9008AF0CF /* UIView+extension.swift */ = {isa = PBXFileReference; lastKnownFileType = sourcecode.swift; path = "UIView+extension.swift"; sourceTree = "<group>"; };
		FA31426F291D1A68008AF0CF /* CustomNavigationController.swift */ = {isa = PBXFileReference; lastKnownFileType = sourcecode.swift; path = CustomNavigationController.swift; sourceTree = "<group>"; };
		FA314271291D1B0C008AF0CF /* CustomInteractiveTransition.swift */ = {isa = PBXFileReference; lastKnownFileType = sourcecode.swift; path = CustomInteractiveTransition.swift; sourceTree = "<group>"; };
		FAD44461290FDF19006E71AF /* VK_V1.0.app */ = {isa = PBXFileReference; explicitFileType = wrapper.application; includeInIndex = 0; path = VK_V1.0.app; sourceTree = BUILT_PRODUCTS_DIR; };
		FAD44464290FDF19006E71AF /* AppDelegate.swift */ = {isa = PBXFileReference; lastKnownFileType = sourcecode.swift; path = AppDelegate.swift; sourceTree = "<group>"; };
		FAD44466290FDF19006E71AF /* SceneDelegate.swift */ = {isa = PBXFileReference; lastKnownFileType = sourcecode.swift; path = SceneDelegate.swift; sourceTree = "<group>"; };
		FAD44468290FDF19006E71AF /* LoginViewController.swift */ = {isa = PBXFileReference; lastKnownFileType = sourcecode.swift; path = LoginViewController.swift; sourceTree = "<group>"; };
		FAD4446B290FDF19006E71AF /* Base */ = {isa = PBXFileReference; lastKnownFileType = file.storyboard; name = Base; path = Base.lproj/Main.storyboard; sourceTree = "<group>"; };
		FAD4446D290FDF1B006E71AF /* Assets.xcassets */ = {isa = PBXFileReference; lastKnownFileType = folder.assetcatalog; path = Assets.xcassets; sourceTree = "<group>"; };
		FAD44470290FDF1B006E71AF /* Base */ = {isa = PBXFileReference; lastKnownFileType = file.storyboard; name = Base; path = Base.lproj/LaunchScreen.storyboard; sourceTree = "<group>"; };
		FAD44472290FDF1B006E71AF /* Info.plist */ = {isa = PBXFileReference; lastKnownFileType = text.plist.xml; path = Info.plist; sourceTree = "<group>"; };
/* End PBXFileReference section */

/* Begin PBXFrameworksBuildPhase section */
		FAD4445E290FDF19006E71AF /* Frameworks */ = {
			isa = PBXFrameworksBuildPhase;
			buildActionMask = 2147483647;
			files = (
			);
			runOnlyForDeploymentPostprocessing = 0;
		};
/* End PBXFrameworksBuildPhase section */

/* Begin PBXGroup section */
		FA3142202912BB38008AF0CF /* Friends */ = {
			isa = PBXGroup;
			children = (
				FA3142212912BB5A008AF0CF /* FriendsTableViewController.swift */,
				FA3142232912BB68008AF0CF /* FriendsTableViewCell.swift */,
				FA314255291BDB45008AF0CF /* FriendsHeaderView.swift */,
				FA3142252912BBA4008AF0CF /* Model */,
			);
			path = Friends;
			sourceTree = "<group>";
		};
		FA3142252912BBA4008AF0CF /* Model */ = {
			isa = PBXGroup;
			children = (
				FA3142262912BBB6008AF0CF /* User.swift */,
			);
			path = Model;
			sourceTree = "<group>";
		};
		FA3142282912D927008AF0CF /* MyGroups */ = {
			isa = PBXGroup;
			children = (
				FA31422D2912D96F008AF0CF /* Model */,
				FA31422B2912D967008AF0CF /* MyGroupsTableViewController.swift */,
				FA3142292912D953008AF0CF /* MyGroupsTableViewCell.swift */,
			);
			path = MyGroups;
			sourceTree = "<group>";
		};
		FA31422D2912D96F008AF0CF /* Model */ = {
			isa = PBXGroup;
			children = (
				FA31422E2912D97C008AF0CF /* Group.swift */,
			);
			path = Model;
			sourceTree = "<group>";
		};
		FA3142302912DA7A008AF0CF /* AvailableGroups */ = {
			isa = PBXGroup;
			children = (
				FA3142312912DA92008AF0CF /* AvailableGroupsTableViewController.swift */,
				FA3142332912DAA7008AF0CF /* AvailableGroupsTableViewCell.swift */,
			);
			path = AvailableGroups;
			sourceTree = "<group>";
		};
		FA3142352912E132008AF0CF /* PhotoScene */ = {
			isa = PBXGroup;
			children = (
				FA3142362912E152008AF0CF /* PhotoCollectionViewController.swift */,
				FA3142382912E163008AF0CF /* PhotoCollectionViewCell.swift */,
				FA314257291BEB0C008AF0CF /* SwipePhotoViewController.swift */,
			);
			path = PhotoScene;
			sourceTree = "<group>";
		};
		FA31424429145B62008AF0CF /* View */ = {
			isa = PBXGroup;
			children = (
				FA31424029143987008AF0CF /* LikeControl.swift */,
				FA3142422914470E008AF0CF /* GradientView.swift */,
				FA314251291A9783008AF0CF /* NewsLikeControl.swift */,
			);
			path = View;
			sourceTree = "<group>";
		};
		FA314249291A5129008AF0CF /* NewsScene */ = {
			isa = PBXGroup;
			children = (
				FA31424E291A5221008AF0CF /* Model */,
				FA31424A291A5144008AF0CF /* NewsTableViewController.swift */,
				FA31424C291A515B008AF0CF /* NewsTableViewCell.swift */,
			);
			path = NewsScene;
			sourceTree = "<group>";
		};
		FA31424E291A5221008AF0CF /* Model */ = {
			isa = PBXGroup;
			children = (
				FA31424F291A5326008AF0CF /* News.swift */,
			);
			path = Model;
			sourceTree = "<group>";
		};
		FA314267291D1796008AF0CF /* Animations */ = {
			isa = PBXGroup;
			children = (
				FA314268291D17CC008AF0CF /* NavigationAnimations */,
				FA314259291C46C3008AF0CF /* cloudView.swift */,
				FA31425B291C4D5A008AF0CF /* CloudViewController.swift */,
			);
			path = Animations;
			sourceTree = "<group>";
		};
		FA314268291D17CC008AF0CF /* NavigationAnimations */ = {
			isa = PBXGroup;
			children = (
				FA314269291D1814008AF0CF /* CustomPushAnimator.swift */,
				FA31426B291D1824008AF0CF /* CustomPopAnimator.swift */,
				FA31426F291D1A68008AF0CF /* CustomNavigationController.swift */,
				FA314271291D1B0C008AF0CF /* CustomInteractiveTransition.swift */,
			);
			path = NavigationAnimations;
			sourceTree = "<group>";
		};
		FAD44458290FDF19006E71AF = {
			isa = PBXGroup;
			children = (
				FAD44463290FDF19006E71AF /* VK_V1.0 */,
				FAD44462290FDF19006E71AF /* Products */,
			);
			sourceTree = "<group>";
		};
		FAD44462290FDF19006E71AF /* Products */ = {
			isa = PBXGroup;
			children = (
				FAD44461290FDF19006E71AF /* VK_V1.0.app */,
			);
			name = Products;
			sourceTree = "<group>";
		};
		FAD44463290FDF19006E71AF /* VK_V1.0 */ = {
			isa = PBXGroup;
			children = (
				FA314249291A5129008AF0CF /* NewsScene */,
				FA3142202912BB38008AF0CF /* Friends */,
				FA3142352912E132008AF0CF /* PhotoScene */,
				FA3142302912DA7A008AF0CF /* AvailableGroups */,
				FA3142282912D927008AF0CF /* MyGroups */,
				FAD44464290FDF19006E71AF /* AppDelegate.swift */,
				FAD44466290FDF19006E71AF /* SceneDelegate.swift */,
				FAD44468290FDF19006E71AF /* LoginViewController.swift */,
				FAD4446A290FDF19006E71AF /* Main.storyboard */,
				FAD4446D290FDF1B006E71AF /* Assets.xcassets */,
				FAD4446F290FDF1B006E71AF /* LaunchScreen.storyboard */,
				FAD44472290FDF1B006E71AF /* Info.plist */,
				FA31421D291278B3008AF0CF /* UIViewController+Extension.swift */,
				FA31426D291D18D9008AF0CF /* UIView+extension.swift */,
				FA314267291D1796008AF0CF /* Animations */,
				FA31424429145B62008AF0CF /* View */,
			);
			path = VK_V1.0;
			sourceTree = "<group>";
		};
/* End PBXGroup section */

/* Begin PBXNativeTarget section */
		FAD44460290FDF19006E71AF /* VK_V1.0 */ = {
			isa = PBXNativeTarget;
			buildConfigurationList = FAD44475290FDF1B006E71AF /* Build configuration list for PBXNativeTarget "VK_V1.0" */;
			buildPhases = (
				FAD4445D290FDF19006E71AF /* Sources */,
				FAD4445E290FDF19006E71AF /* Frameworks */,
				FAD4445F290FDF19006E71AF /* Resources */,
				FAD44478290FE011006E71AF /* Run SwiftLint */,
				FAD44479290FE07E006E71AF /* ShellScript */,
			);
			buildRules = (
			);
			dependencies = (
			);
			name = VK_V1.0;
			productName = VK_V1.0;
			productReference = FAD44461290FDF19006E71AF /* VK_V1.0.app */;
			productType = "com.apple.product-type.application";
		};
/* End PBXNativeTarget section */

/* Begin PBXProject section */
		FAD44459290FDF19006E71AF /* Project object */ = {
			isa = PBXProject;
			attributes = {
				BuildIndependentTargetsInParallel = 1;
				LastSwiftUpdateCheck = 1340;
				LastUpgradeCheck = 1340;
				TargetAttributes = {
					FAD44460290FDF19006E71AF = {
						CreatedOnToolsVersion = 13.4.1;
					};
				};
			};
			buildConfigurationList = FAD4445C290FDF19006E71AF /* Build configuration list for PBXProject "VK_V1.0" */;
			compatibilityVersion = "Xcode 13.0";
			developmentRegion = en;
			hasScannedForEncodings = 0;
			knownRegions = (
				en,
				Base,
			);
			mainGroup = FAD44458290FDF19006E71AF;
			productRefGroup = FAD44462290FDF19006E71AF /* Products */;
			projectDirPath = "";
			projectRoot = "";
			targets = (
				FAD44460290FDF19006E71AF /* VK_V1.0 */,
			);
		};
/* End PBXProject section */

/* Begin PBXResourcesBuildPhase section */
		FAD4445F290FDF19006E71AF /* Resources */ = {
			isa = PBXResourcesBuildPhase;
			buildActionMask = 2147483647;
			files = (
				FAD44471290FDF1B006E71AF /* LaunchScreen.storyboard in Resources */,
				FAD4446E290FDF1B006E71AF /* Assets.xcassets in Resources */,
				FAD4446C290FDF19006E71AF /* Main.storyboard in Resources */,
			);
			runOnlyForDeploymentPostprocessing = 0;
		};
/* End PBXResourcesBuildPhase section */

/* Begin PBXShellScriptBuildPhase section */
		FAD44478290FE011006E71AF /* Run SwiftLint */ = {
			isa = PBXShellScriptBuildPhase;
			buildActionMask = 2147483647;
			files = (
			);
			inputFileListPaths = (
			);
			inputPaths = (
			);
			name = "Run SwiftLint";
			outputFileListPaths = (
			);
			outputPaths = (
			);
			runOnlyForDeploymentPostprocessing = 0;
			shellPath = /bin/sh;
			shellScript = "export PATH=\"$PATH:/opt/homebrew/bin\"\nif which swiftlint > /dev/null; then\n  swiftlint\nelse\n  echo \"warning: SwiftLint not installed, download from https://github.com/realm/SwiftLint\"\nfi\n";
		};
		FAD44479290FE07E006E71AF /* ShellScript */ = {
			isa = PBXShellScriptBuildPhase;
			alwaysOutOfDate = 1;
			buildActionMask = 2147483647;
			files = (
			);
			inputFileListPaths = (
			);
			inputPaths = (
			);
			outputFileListPaths = (
			);
			outputPaths = (
			);
			runOnlyForDeploymentPostprocessing = 0;
			shellPath = /bin/sh;
			shellScript = "export PATH=\"$PATH:/opt/homebrew/bin\"\nif which swiftformat >/dev/null; then\n  swiftformat .\nelse\n  echo \"warning: SwiftFormat not installed, download from https://github.com/nicklockwood/SwiftFormat\"\nfi\n";
		};
/* End PBXShellScriptBuildPhase section */

/* Begin PBXSourcesBuildPhase section */
		FAD4445D290FDF19006E71AF /* Sources */ = {
			isa = PBXSourcesBuildPhase;
			buildActionMask = 2147483647;
			files = (
				FA31421E291278B3008AF0CF /* UIViewController+Extension.swift in Sources */,
				FA31422C2912D967008AF0CF /* MyGroupsTableViewController.swift in Sources */,
				FA31425C291C4D5A008AF0CF /* CloudViewController.swift in Sources */,
				FA3142372912E152008AF0CF /* PhotoCollectionViewController.swift in Sources */,
				FA31424B291A5144008AF0CF /* NewsTableViewController.swift in Sources */,
				FA3142272912BBB6008AF0CF /* User.swift in Sources */,
				FA31422F2912D97C008AF0CF /* Group.swift in Sources */,
				FA314250291A5326008AF0CF /* News.swift in Sources */,
				FA31425A291C46C3008AF0CF /* cloudView.swift in Sources */,
				FA314252291A9783008AF0CF /* NewsLikeControl.swift in Sources */,
				FAD44469290FDF19006E71AF /* LoginViewController.swift in Sources */,
				FA314256291BDB45008AF0CF /* FriendsHeaderView.swift in Sources */,
				FA31426E291D18D9008AF0CF /* UIView+extension.swift in Sources */,
				FA3142432914470E008AF0CF /* GradientView.swift in Sources */,
				FA31424D291A515B008AF0CF /* NewsTableViewCell.swift in Sources */,
				FA3142342912DAA7008AF0CF /* AvailableGroupsTableViewCell.swift in Sources */,
				FA31424129143987008AF0CF /* LikeControl.swift in Sources */,
				FAD44465290FDF19006E71AF /* AppDelegate.swift in Sources */,
				FA31426C291D1824008AF0CF /* CustomPopAnimator.swift in Sources */,
				FA314272291D1B0C008AF0CF /* CustomInteractiveTransition.swift in Sources */,
				FA3142322912DA92008AF0CF /* AvailableGroupsTableViewController.swift in Sources */,
				FA314270291D1A68008AF0CF /* CustomNavigationController.swift in Sources */,
				FA31426A291D1814008AF0CF /* CustomPushAnimator.swift in Sources */,
				FA3142242912BB68008AF0CF /* FriendsTableViewCell.swift in Sources */,
				FAD44467290FDF19006E71AF /* SceneDelegate.swift in Sources */,
				FA314258291BEB0C008AF0CF /* SwipePhotoViewController.swift in Sources */,
				FA3142392912E163008AF0CF /* PhotoCollectionViewCell.swift in Sources */,
				FA3142222912BB5A008AF0CF /* FriendsTableViewController.swift in Sources */,
				FA31422A2912D953008AF0CF /* MyGroupsTableViewCell.swift in Sources */,
			);
			runOnlyForDeploymentPostprocessing = 0;
		};
/* End PBXSourcesBuildPhase section */

/* Begin PBXVariantGroup section */
		FAD4446A290FDF19006E71AF /* Main.storyboard */ = {
			isa = PBXVariantGroup;
			children = (
				FAD4446B290FDF19006E71AF /* Base */,
			);
			name = Main.storyboard;
			sourceTree = "<group>";
		};
		FAD4446F290FDF1B006E71AF /* LaunchScreen.storyboard */ = {
			isa = PBXVariantGroup;
			children = (
				FAD44470290FDF1B006E71AF /* Base */,
			);
			name = LaunchScreen.storyboard;
			sourceTree = "<group>";
		};
/* End PBXVariantGroup section */

/* Begin XCBuildConfiguration section */
		FAD44473290FDF1B006E71AF /* Debug */ = {
			isa = XCBuildConfiguration;
			buildSettings = {
				ALWAYS_SEARCH_USER_PATHS = NO;
				CLANG_ANALYZER_NONNULL = YES;
				CLANG_ANALYZER_NUMBER_OBJECT_CONVERSION = YES_AGGRESSIVE;
				CLANG_CXX_LANGUAGE_STANDARD = "gnu++17";
				CLANG_ENABLE_MODULES = YES;
				CLANG_ENABLE_OBJC_ARC = YES;
				CLANG_ENABLE_OBJC_WEAK = YES;
				CLANG_WARN_BLOCK_CAPTURE_AUTORELEASING = YES;
				CLANG_WARN_BOOL_CONVERSION = YES;
				CLANG_WARN_COMMA = YES;
				CLANG_WARN_CONSTANT_CONVERSION = YES;
				CLANG_WARN_DEPRECATED_OBJC_IMPLEMENTATIONS = YES;
				CLANG_WARN_DIRECT_OBJC_ISA_USAGE = YES_ERROR;
				CLANG_WARN_DOCUMENTATION_COMMENTS = YES;
				CLANG_WARN_EMPTY_BODY = YES;
				CLANG_WARN_ENUM_CONVERSION = YES;
				CLANG_WARN_INFINITE_RECURSION = YES;
				CLANG_WARN_INT_CONVERSION = YES;
				CLANG_WARN_NON_LITERAL_NULL_CONVERSION = YES;
				CLANG_WARN_OBJC_IMPLICIT_RETAIN_SELF = YES;
				CLANG_WARN_OBJC_LITERAL_CONVERSION = YES;
				CLANG_WARN_OBJC_ROOT_CLASS = YES_ERROR;
				CLANG_WARN_QUOTED_INCLUDE_IN_FRAMEWORK_HEADER = YES;
				CLANG_WARN_RANGE_LOOP_ANALYSIS = YES;
				CLANG_WARN_STRICT_PROTOTYPES = YES;
				CLANG_WARN_SUSPICIOUS_MOVE = YES;
				CLANG_WARN_UNGUARDED_AVAILABILITY = YES_AGGRESSIVE;
				CLANG_WARN_UNREACHABLE_CODE = YES;
				CLANG_WARN__DUPLICATE_METHOD_MATCH = YES;
				COPY_PHASE_STRIP = NO;
				DEBUG_INFORMATION_FORMAT = dwarf;
				ENABLE_STRICT_OBJC_MSGSEND = YES;
				ENABLE_TESTABILITY = YES;
				GCC_C_LANGUAGE_STANDARD = gnu11;
				GCC_DYNAMIC_NO_PIC = NO;
				GCC_NO_COMMON_BLOCKS = YES;
				GCC_OPTIMIZATION_LEVEL = 0;
				GCC_PREPROCESSOR_DEFINITIONS = (
					"DEBUG=1",
					"$(inherited)",
				);
				GCC_WARN_64_TO_32_BIT_CONVERSION = YES;
				GCC_WARN_ABOUT_RETURN_TYPE = YES_ERROR;
				GCC_WARN_UNDECLARED_SELECTOR = YES;
				GCC_WARN_UNINITIALIZED_AUTOS = YES_AGGRESSIVE;
				GCC_WARN_UNUSED_FUNCTION = YES;
				GCC_WARN_UNUSED_VARIABLE = YES;
				IPHONEOS_DEPLOYMENT_TARGET = 15.5;
				MTL_ENABLE_DEBUG_INFO = INCLUDE_SOURCE;
				MTL_FAST_MATH = YES;
				ONLY_ACTIVE_ARCH = YES;
				SDKROOT = iphoneos;
				SWIFT_ACTIVE_COMPILATION_CONDITIONS = DEBUG;
				SWIFT_OPTIMIZATION_LEVEL = "-Onone";
			};
			name = Debug;
		};
		FAD44474290FDF1B006E71AF /* Release */ = {
			isa = XCBuildConfiguration;
			buildSettings = {
				ALWAYS_SEARCH_USER_PATHS = NO;
				CLANG_ANALYZER_NONNULL = YES;
				CLANG_ANALYZER_NUMBER_OBJECT_CONVERSION = YES_AGGRESSIVE;
				CLANG_CXX_LANGUAGE_STANDARD = "gnu++17";
				CLANG_ENABLE_MODULES = YES;
				CLANG_ENABLE_OBJC_ARC = YES;
				CLANG_ENABLE_OBJC_WEAK = YES;
				CLANG_WARN_BLOCK_CAPTURE_AUTORELEASING = YES;
				CLANG_WARN_BOOL_CONVERSION = YES;
				CLANG_WARN_COMMA = YES;
				CLANG_WARN_CONSTANT_CONVERSION = YES;
				CLANG_WARN_DEPRECATED_OBJC_IMPLEMENTATIONS = YES;
				CLANG_WARN_DIRECT_OBJC_ISA_USAGE = YES_ERROR;
				CLANG_WARN_DOCUMENTATION_COMMENTS = YES;
				CLANG_WARN_EMPTY_BODY = YES;
				CLANG_WARN_ENUM_CONVERSION = YES;
				CLANG_WARN_INFINITE_RECURSION = YES;
				CLANG_WARN_INT_CONVERSION = YES;
				CLANG_WARN_NON_LITERAL_NULL_CONVERSION = YES;
				CLANG_WARN_OBJC_IMPLICIT_RETAIN_SELF = YES;
				CLANG_WARN_OBJC_LITERAL_CONVERSION = YES;
				CLANG_WARN_OBJC_ROOT_CLASS = YES_ERROR;
				CLANG_WARN_QUOTED_INCLUDE_IN_FRAMEWORK_HEADER = YES;
				CLANG_WARN_RANGE_LOOP_ANALYSIS = YES;
				CLANG_WARN_STRICT_PROTOTYPES = YES;
				CLANG_WARN_SUSPICIOUS_MOVE = YES;
				CLANG_WARN_UNGUARDED_AVAILABILITY = YES_AGGRESSIVE;
				CLANG_WARN_UNREACHABLE_CODE = YES;
				CLANG_WARN__DUPLICATE_METHOD_MATCH = YES;
				COPY_PHASE_STRIP = NO;
				DEBUG_INFORMATION_FORMAT = "dwarf-with-dsym";
				ENABLE_NS_ASSERTIONS = NO;
				ENABLE_STRICT_OBJC_MSGSEND = YES;
				GCC_C_LANGUAGE_STANDARD = gnu11;
				GCC_NO_COMMON_BLOCKS = YES;
				GCC_WARN_64_TO_32_BIT_CONVERSION = YES;
				GCC_WARN_ABOUT_RETURN_TYPE = YES_ERROR;
				GCC_WARN_UNDECLARED_SELECTOR = YES;
				GCC_WARN_UNINITIALIZED_AUTOS = YES_AGGRESSIVE;
				GCC_WARN_UNUSED_FUNCTION = YES;
				GCC_WARN_UNUSED_VARIABLE = YES;
				IPHONEOS_DEPLOYMENT_TARGET = 15.5;
				MTL_ENABLE_DEBUG_INFO = NO;
				MTL_FAST_MATH = YES;
				SDKROOT = iphoneos;
				SWIFT_COMPILATION_MODE = wholemodule;
				SWIFT_OPTIMIZATION_LEVEL = "-O";
				VALIDATE_PRODUCT = YES;
			};
			name = Release;
		};
		FAD44476290FDF1B006E71AF /* Debug */ = {
			isa = XCBuildConfiguration;
			buildSettings = {
				ASSETCATALOG_COMPILER_APPICON_NAME = AppIcon;
				ASSETCATALOG_COMPILER_GLOBAL_ACCENT_COLOR_NAME = AccentColor;
				CODE_SIGN_STYLE = Automatic;
				CURRENT_PROJECT_VERSION = 1;
				DEVELOPMENT_TEAM = CQZ4W374Y4;
				GENERATE_INFOPLIST_FILE = YES;
				INFOPLIST_FILE = VK_V1.0/Info.plist;
				INFOPLIST_KEY_UIApplicationSupportsIndirectInputEvents = YES;
				INFOPLIST_KEY_UILaunchStoryboardName = LaunchScreen;
				INFOPLIST_KEY_UIMainStoryboardFile = Main;
				INFOPLIST_KEY_UISupportedInterfaceOrientations_iPad = "UIInterfaceOrientationPortrait UIInterfaceOrientationPortraitUpsideDown UIInterfaceOrientationLandscapeLeft UIInterfaceOrientationLandscapeRight";
				INFOPLIST_KEY_UISupportedInterfaceOrientations_iPhone = "UIInterfaceOrientationPortrait UIInterfaceOrientationLandscapeLeft UIInterfaceOrientationLandscapeRight";
				LD_RUNPATH_SEARCH_PATHS = (
					"$(inherited)",
					"@executable_path/Frameworks",
				);
				MARKETING_VERSION = 1.0;
				PRODUCT_BUNDLE_IDENTIFIER = "ru.VK-V1-0";
				PRODUCT_NAME = "$(TARGET_NAME)";
				SWIFT_EMIT_LOC_STRINGS = YES;
				SWIFT_VERSION = 5.0;
				TARGETED_DEVICE_FAMILY = "1,2";
			};
			name = Debug;
		};
		FAD44477290FDF1B006E71AF /* Release */ = {
			isa = XCBuildConfiguration;
			buildSettings = {
				ASSETCATALOG_COMPILER_APPICON_NAME = AppIcon;
				ASSETCATALOG_COMPILER_GLOBAL_ACCENT_COLOR_NAME = AccentColor;
				CODE_SIGN_STYLE = Automatic;
				CURRENT_PROJECT_VERSION = 1;
				DEVELOPMENT_TEAM = CQZ4W374Y4;
				GENERATE_INFOPLIST_FILE = YES;
				INFOPLIST_FILE = VK_V1.0/Info.plist;
				INFOPLIST_KEY_UIApplicationSupportsIndirectInputEvents = YES;
				INFOPLIST_KEY_UILaunchStoryboardName = LaunchScreen;
				INFOPLIST_KEY_UIMainStoryboardFile = Main;
				INFOPLIST_KEY_UISupportedInterfaceOrientations_iPad = "UIInterfaceOrientationPortrait UIInterfaceOrientationPortraitUpsideDown UIInterfaceOrientationLandscapeLeft UIInterfaceOrientationLandscapeRight";
				INFOPLIST_KEY_UISupportedInterfaceOrientations_iPhone = "UIInterfaceOrientationPortrait UIInterfaceOrientationLandscapeLeft UIInterfaceOrientationLandscapeRight";
				LD_RUNPATH_SEARCH_PATHS = (
					"$(inherited)",
					"@executable_path/Frameworks",
				);
				MARKETING_VERSION = 1.0;
				PRODUCT_BUNDLE_IDENTIFIER = "ru.VK-V1-0";
				PRODUCT_NAME = "$(TARGET_NAME)";
				SWIFT_EMIT_LOC_STRINGS = YES;
				SWIFT_VERSION = 5.0;
				TARGETED_DEVICE_FAMILY = "1,2";
			};
			name = Release;
		};
/* End XCBuildConfiguration section */

/* Begin XCConfigurationList section */
		FAD4445C290FDF19006E71AF /* Build configuration list for PBXProject "VK_V1.0" */ = {
			isa = XCConfigurationList;
			buildConfigurations = (
				FAD44473290FDF1B006E71AF /* Debug */,
				FAD44474290FDF1B006E71AF /* Release */,
			);
			defaultConfigurationIsVisible = 0;
			defaultConfigurationName = Release;
		};
		FAD44475290FDF1B006E71AF /* Build configuration list for PBXNativeTarget "VK_V1.0" */ = {
			isa = XCConfigurationList;
			buildConfigurations = (
				FAD44476290FDF1B006E71AF /* Debug */,
				FAD44477290FDF1B006E71AF /* Release */,
			);
			defaultConfigurationIsVisible = 0;
			defaultConfigurationName = Release;
		};
/* End XCConfigurationList section */
	};
	rootObject = FAD44459290FDF19006E71AF /* Project object */;
}
